// !$*UTF8*$!
{
	archiveVersion = 1;
	classes = {
	};
	objectVersion = 46;
	objects = {

/* Begin PBXBuildFile section */
		813193201F9ACED300B3C496 /* AppDelegate.swift in Sources */ = {isa = PBXBuildFile; fileRef = 8131931F1F9ACED300B3C496 /* AppDelegate.swift */; };
		813193221F9ACED300B3C496 /* ViewController.swift in Sources */ = {isa = PBXBuildFile; fileRef = 813193211F9ACED300B3C496 /* ViewController.swift */; };
		813193251F9ACED300B3C496 /* Main.storyboard in Resources */ = {isa = PBXBuildFile; fileRef = 813193231F9ACED300B3C496 /* Main.storyboard */; };
		813193281F9ACED300B3C496 /* True_Flavor.xcdatamodeld in Sources */ = {isa = PBXBuildFile; fileRef = 813193261F9ACED300B3C496 /* True_Flavor.xcdatamodeld */; };
		8131932A1F9ACED300B3C496 /* Assets.xcassets in Resources */ = {isa = PBXBuildFile; fileRef = 813193291F9ACED300B3C496 /* Assets.xcassets */; };
		8131932D1F9ACED300B3C496 /* LaunchScreen.storyboard in Resources */ = {isa = PBXBuildFile; fileRef = 8131932B1F9ACED300B3C496 /* LaunchScreen.storyboard */; };
		813193351F9AD08F00B3C496 /* GoogleService-Info.plist in Resources */ = {isa = PBXBuildFile; fileRef = 813193341F9AD08F00B3C496 /* GoogleService-Info.plist */; };
/* End PBXBuildFile section */

/* Begin PBXFileReference section */
		8131931C1F9ACED300B3C496 /* True Flavor.app */ = {isa = PBXFileReference; explicitFileType = wrapper.application; includeInIndex = 0; path = "True Flavor.app"; sourceTree = BUILT_PRODUCTS_DIR; };
		8131931F1F9ACED300B3C496 /* AppDelegate.swift */ = {isa = PBXFileReference; lastKnownFileType = sourcecode.swift; path = AppDelegate.swift; sourceTree = "<group>"; };
		813193211F9ACED300B3C496 /* ViewController.swift */ = {isa = PBXFileReference; lastKnownFileType = sourcecode.swift; path = ViewController.swift; sourceTree = "<group>"; };
		813193241F9ACED300B3C496 /* Base */ = {isa = PBXFileReference; lastKnownFileType = file.storyboard; name = Base; path = Base.lproj/Main.storyboard; sourceTree = "<group>"; };
		813193271F9ACED300B3C496 /* True_Flavor.xcdatamodel */ = {isa = PBXFileReference; lastKnownFileType = wrapper.xcdatamodel; path = True_Flavor.xcdatamodel; sourceTree = "<group>"; };
		813193291F9ACED300B3C496 /* Assets.xcassets */ = {isa = PBXFileReference; lastKnownFileType = folder.assetcatalog; path = Assets.xcassets; sourceTree = "<group>"; };
		8131932C1F9ACED300B3C496 /* Base */ = {isa = PBXFileReference; lastKnownFileType = file.storyboard; name = Base; path = Base.lproj/LaunchScreen.storyboard; sourceTree = "<group>"; };
		8131932E1F9ACED300B3C496 /* Info.plist */ = {isa = PBXFileReference; lastKnownFileType = text.plist.xml; path = Info.plist; sourceTree = "<group>"; };
		813193341F9AD08F00B3C496 /* GoogleService-Info.plist */ = {isa = PBXFileReference; fileEncoding = 4; lastKnownFileType = text.plist.xml; path = "GoogleService-Info.plist"; sourceTree = "<group>"; };
/* End PBXFileReference section */

/* Begin PBXFrameworksBuildPhase section */
		813193191F9ACED300B3C496 /* Frameworks */ = {
			isa = PBXFrameworksBuildPhase;
			buildActionMask = 2147483647;
			files = (
			);
			runOnlyForDeploymentPostprocessing = 0;
		};
/* End PBXFrameworksBuildPhase section */

/* Begin PBXGroup section */
		813193131F9ACED300B3C496 = {
			isa = PBXGroup;
			children = (
				8131931E1F9ACED300B3C496 /* True Flavor */,
				8131931D1F9ACED300B3C496 /* Products */,
			);
			sourceTree = "<group>";
		};
		8131931D1F9ACED300B3C496 /* Products */ = {
			isa = PBXGroup;
			children = (
				8131931C1F9ACED300B3C496 /* True Flavor.app */,
			);
			name = Products;
			sourceTree = "<group>";
		};
		8131931E1F9ACED300B3C496 /* True Flavor */ = {
			isa = PBXGroup;
			children = (
				8131931F1F9ACED300B3C496 /* AppDelegate.swift */,
				813193211F9ACED300B3C496 /* ViewController.swift */,
				813193231F9ACED300B3C496 /* Main.storyboard */,
				813193291F9ACED300B3C496 /* Assets.xcassets */,
				8131932B1F9ACED300B3C496 /* LaunchScreen.storyboard */,
				8131932E1F9ACED300B3C496 /* Info.plist */,
				813193341F9AD08F00B3C496 /* GoogleService-Info.plist */,
				813193261F9ACED300B3C496 /* True_Flavor.xcdatamodeld */,
			);
			path = "True Flavor";
			sourceTree = "<group>";
		};
/* End PBXGroup section */

/* Begin PBXNativeTarget section */
		8131931B1F9ACED300B3C496 /* True Flavor */ = {
			isa = PBXNativeTarget;
			buildConfigurationList = 813193311F9ACED300B3C496 /* Build configuration list for PBXNativeTarget "True Flavor" */;
			buildPhases = (
				813193181F9ACED300B3C496 /* Sources */,
				813193191F9ACED300B3C496 /* Frameworks */,
				8131931A1F9ACED300B3C496 /* Resources */,
			);
			buildRules = (
			);
			dependencies = (
			);
			name = "True Flavor";
			productName = "True Flavor";
			productReference = 8131931C1F9ACED300B3C496 /* True Flavor.app */;
			productType = "com.apple.product-type.application";
		};
/* End PBXNativeTarget section */

/* Begin PBXProject section */
		813193141F9ACED300B3C496 /* Project object */ = {
			isa = PBXProject;
			attributes = {
				LastSwiftUpdateCheck = 0830;
				LastUpgradeCheck = 0830;
				ORGANIZATIONNAME = "Adam Birdsall";
				TargetAttributes = {
					8131931B1F9ACED300B3C496 = {
						CreatedOnToolsVersion = 8.3.3;
						DevelopmentTeam = FT34PLEEM7;
						ProvisioningStyle = Automatic;
					};
				};
			};
			buildConfigurationList = 813193171F9ACED300B3C496 /* Build configuration list for PBXProject "True Flavor" */;
			compatibilityVersion = "Xcode 3.2";
			developmentRegion = English;
			hasScannedForEncodings = 0;
			knownRegions = (
				en,
				Base,
			);
			mainGroup = 813193131F9ACED300B3C496;
			productRefGroup = 8131931D1F9ACED300B3C496 /* Products */;
			projectDirPath = "";
			projectRoot = "";
			targets = (
				8131931B1F9ACED300B3C496 /* True Flavor */,
			);
		};
/* End PBXProject section */

/* Begin PBXResourcesBuildPhase section */
		8131931A1F9ACED300B3C496 /* Resources */ = {
			isa = PBXResourcesBuildPhase;
			buildActionMask = 2147483647;
			files = (
				8131932D1F9ACED300B3C496 /* LaunchScreen.storyboard in Resources */,
				813193351F9AD08F00B3C496 /* GoogleService-Info.plist in Resources */,
				8131932A1F9ACED300B3C496 /* Assets.xcassets in Resources */,
				813193251F9ACED300B3C496 /* Main.storyboard in Resources */,
			);
			runOnlyForDeploymentPostprocessing = 0;
		};
/* End PBXResourcesBuildPhase section */

/* Begin PBXSourcesBuildPhase section */
		813193181F9ACED300B3C496 /* Sources */ = {
			isa = PBXSourcesBuildPhase;
			buildActionMask = 2147483647;
			files = (
				813193221F9ACED300B3C496 /* ViewController.swift in Sources */,
				813193201F9ACED300B3C496 /* AppDelegate.swift in Sources */,
				813193281F9ACED300B3C496 /* True_Flavor.xcdatamodeld in Sources */,
			);
			runOnlyForDeploymentPostprocessing = 0;
		};
/* End PBXSourcesBuildPhase section */

/* Begin PBXVariantGroup section */
		813193231F9ACED300B3C496 /* Main.storyboard */ = {
			isa = PBXVariantGroup;
			children = (
				813193241F9ACED300B3C496 /* Base */,
			);
			name = Main.storyboard;
			sourceTree = "<group>";
		};
		8131932B1F9ACED300B3C496 /* LaunchScreen.storyboard */ = {
			isa = PBXVariantGroup;
			children = (
				8131932C1F9ACED300B3C496 /* Base */,
			);
			name = LaunchScreen.storyboard;
			sourceTree = "<group>";
		};
/* End PBXVariantGroup section */

/* Begin XCBuildConfiguration section */
		8131932F1F9ACED300B3C496 /* Debug */ = {
			isa = XCBuildConfiguration;
			buildSettings = {
				ALWAYS_SEARCH_USER_PATHS = NO;
				CLANG_ANALYZER_NONNULL = YES;
				CLANG_ANALYZER_NUMBER_OBJECT_CONVERSION = YES_AGGRESSIVE;
				CLANG_CXX_LANGUAGE_STANDARD = "gnu++0x";
				CLANG_CXX_LIBRARY = "libc++";
				CLANG_ENABLE_MODULES = YES;
				CLANG_ENABLE_OBJC_ARC = YES;
				CLANG_WARN_BOOL_CONVERSION = YES;
				CLANG_WARN_CONSTANT_CONVERSION = YES;
				CLANG_WARN_DIRECT_OBJC_ISA_USAGE = YES_ERROR;
				CLANG_WARN_DOCUMENTATION_COMMENTS = YES;
				CLANG_WARN_EMPTY_BODY = YES;
				CLANG_WARN_ENUM_CONVERSION = YES;
				CLANG_WARN_INFINITE_RECURSION = YES;
				CLANG_WARN_INT_CONVERSION = YES;
				CLANG_WARN_OBJC_ROOT_CLASS = YES_ERROR;
				CLANG_WARN_SUSPICIOUS_MOVE = YES;
				CLANG_WARN_UNREACHABLE_CODE = YES;
				CLANG_WARN__DUPLICATE_METHOD_MATCH = YES;
				"CODE_SIGN_IDENTITY[sdk=iphoneos*]" = "iPhone Developer";
				COPY_PHASE_STRIP = NO;
				DEBUG_INFORMATION_FORMAT = dwarf;
				ENABLE_STRICT_OBJC_MSGSEND = YES;
				ENABLE_TESTABILITY = YES;
				GCC_C_LANGUAGE_STANDARD = gnu99;
				GCC_DYNAMIC_NO_PIC = NO;
				GCC_NO_COMMON_BLOCKS = YES;
				GCC_OPTIMIZATION_LEVEL = 0;
				GCC_PREPROCESSOR_DEFINITIONS = (
					"DEBUG=1",
					"$(inherited)",
				);
				GCC_WARN_64_TO_32_BIT_CONVERSION = YES;
				GCC_WARN_ABOUT_RETURN_TYPE = YES_ERROR;
				GCC_WARN_UNDECLARED_SELECTOR = YES;
				GCC_WARN_UNINITIALIZED_AUTOS = YES_AGGRESSIVE;
				GCC_WARN_UNUSED_FUNCTION = YES;
				GCC_WARN_UNUSED_VARIABLE = YES;
				IPHONEOS_DEPLOYMENT_TARGET = 10.3;
				MTL_ENABLE_DEBUG_INFO = YES;
				ONLY_ACTIVE_ARCH = YES;
				SDKROOT = iphoneos;
				SWIFT_ACTIVE_COMPILATION_CONDITIONS = DEBUG;
				SWIFT_OPTIMIZATION_LEVEL = "-Onone";
			};
			name = Debug;
		};
		813193301F9ACED300B3C496 /* Release */ = {
			isa = XCBuildConfiguration;
			buildSettings = {
				ALWAYS_SEARCH_USER_PATHS = NO;
				CLANG_ANALYZER_NONNULL = YES;
				CLANG_ANALYZER_NUMBER_OBJECT_CONVERSION = YES_AGGRESSIVE;
				CLANG_CXX_LANGUAGE_STANDARD = "gnu++0x";
				CLANG_CXX_LIBRARY = "libc++";
				CLANG_ENABLE_MODULES = YES;
				CLANG_ENABLE_OBJC_ARC = YES;
				CLANG_WARN_BOOL_CONVERSION = YES;
				CLANG_WARN_CONSTANT_CONVERSION = YES;
				CLANG_WARN_DIRECT_OBJC_ISA_USAGE = YES_ERROR;
				CLANG_WARN_DOCUMENTATION_COMMENTS = YES;
				CLANG_WARN_EMPTY_BODY = YES;
				CLANG_WARN_ENUM_CONVERSION = YES;
				CLANG_WARN_INFINITE_RECURSION = YES;
				CLANG_WARN_INT_CONVERSION = YES;
				CLANG_WARN_OBJC_ROOT_CLASS = YES_ERROR;
				CLANG_WARN_SUSPICIOUS_MOVE = YES;
				CLANG_WARN_UNREACHABLE_CODE = YES;
				CLANG_WARN__DUPLICATE_METHOD_MATCH = YES;
				"CODE_SIGN_IDENTITY[sdk=iphoneos*]" = "iPhone Developer";
				COPY_PHASE_STRIP = NO;
				DEBUG_INFORMATION_FORMAT = "dwarf-with-dsym";
				ENABLE_NS_ASSERTIONS = NO;
				ENABLE_STRICT_OBJC_MSGSEND = YES;
				GCC_C_LANGUAGE_STANDARD = gnu99;
				GCC_NO_COMMON_BLOCKS = YES;
				GCC_WARN_64_TO_32_BIT_CONVERSION = YES;
				GCC_WARN_ABOUT_RETURN_TYPE = YES_ERROR;
				GCC_WARN_UNDECLARED_SELECTOR = YES;
				GCC_WARN_UNINITIALIZED_AUTOS = YES_AGGRESSIVE;
				GCC_WARN_UNUSED_FUNCTION = YES;
				GCC_WARN_UNUSED_VARIABLE = YES;
				IPHONEOS_DEPLOYMENT_TARGET = 10.3;
				MTL_ENABLE_DEBUG_INFO = NO;
				SDKROOT = iphoneos;
				SWIFT_OPTIMIZATION_LEVEL = "-Owholemodule";
				VALIDATE_PRODUCT = YES;
			};
			name = Release;
		};
		813193321F9ACED300B3C496 /* Debug */ = {
			isa = XCBuildConfiguration;
			buildSettings = {
				ASSETCATALOG_COMPILER_APPICON_NAME = AppIcon;
				DEVELOPMENT_TEAM = FT34PLEEM7;
				INFOPLIST_FILE = "True Flavor/Info.plist";
				LD_RUNPATH_SEARCH_PATHS = "$(inherited) @executable_path/Frameworks";
				PRODUCT_BUNDLE_IDENTIFIER = "com.AdamBirdsall.True-Flavor";
				PRODUCT_NAME = "$(TARGET_NAME)";
				SWIFT_VERSION = 3.0;
			};
			name = Debug;
		};
		813193331F9ACED300B3C496 /* Release */ = {
			isa = XCBuildConfiguration;
			buildSettings = {
				ASSETCATALOG_COMPILER_APPICON_NAME = AppIcon;
				DEVELOPMENT_TEAM = FT34PLEEM7;
				INFOPLIST_FILE = "True Flavor/Info.plist";
				LD_RUNPATH_SEARCH_PATHS = "$(inherited) @executable_path/Frameworks";
				PRODUCT_BUNDLE_IDENTIFIER = "com.AdamBirdsall.True-Flavor";
				PRODUCT_NAME = "$(TARGET_NAME)";
				SWIFT_VERSION = 3.0;
			};
			name = Release;
		};
/* End XCBuildConfiguration section */

/* Begin XCConfigurationList section */
		813193171F9ACED300B3C496 /* Build configuration list for PBXProject "True Flavor" */ = {
			isa = XCConfigurationList;
			buildConfigurations = (
				8131932F1F9ACED300B3C496 /* Debug */,
				813193301F9ACED300B3C496 /* Release */,
			);
			defaultConfigurationIsVisible = 0;
			defaultConfigurationName = Release;
		};
		813193311F9ACED300B3C496 /* Build configuration list for PBXNativeTarget "True Flavor" */ = {
			isa = XCConfigurationList;
			buildConfigurations = (
				813193321F9ACED300B3C496 /* Debug */,
				813193331F9ACED300B3C496 /* Release */,
			);
			defaultConfigurationIsVisible = 0;
		};
/* End XCConfigurationList section */

/* Begin XCVersionGroup section */
		813193261F9ACED300B3C496 /* True_Flavor.xcdatamodeld */ = {
			isa = XCVersionGroup;
			children = (
				813193271F9ACED300B3C496 /* True_Flavor.xcdatamodel */,
			);
			currentVersion = 813193271F9ACED300B3C496 /* True_Flavor.xcdatamodel */;
			path = True_Flavor.xcdatamodeld;
			sourceTree = "<group>";
			versionGroupType = wrapper.xcdatamodel;
		};
/* End XCVersionGroup section */
	};
	rootObject = 813193141F9ACED300B3C496 /* Project object */;
}
